{
  "nodes": {
    "nixpkgs": {
      "locked": {
        "lastModified": 1629033443,
        "narHash": "sha256-Vo3TvQvR5hsd3incx/xOt6GFgTm651CYVauHS/irOFo=",
        "owner": "NixOS",
        "repo": "nixpkgs",
        "rev": "8ac785da9843aa110caeed6c912875e46a415a11",
        "type": "github"
      },
      "original": {
        "id": "nixpkgs",
        "ref": "release-21.05",
        "type": "indirect"
      }
    },
    "root": {
      "inputs": {
        "nixpkgs": "nixpkgs",
        "utils": "utils"
      }
    },
    "utils": {
      "locked": {
        "lastModified": 1623875721,
        "narHash": "sha256-A8BU7bjS5GirpAUv4QA+QnJ4CceLHkcXdRp4xITDB0s=",
        "owner": "numtide",
        "repo": "flake-utils",
        "rev": "f7e004a55b120c02ecb6219596820fcd32ca8772",
        "type": "github"
      },
      "original": {
        "owner": "numtide",
        "repo": "flake-utils",
        "type": "github"
      }
    }
  },
  "root": "root",
  "version": 7
}
